
Microsoft Visual Studio Solution File, Format Version 12.00
# Visual Studio 15
VisualStudioVersion = 15.0.28010.2026
MinimumVisualStudioVersion = 10.0.40219.1
Project("{FAE04EC0-301F-11D3-BF4B-00C04F79EFBC}") = "ReverseLinkedList", "ReverseLinkedList\ReverseLinkedList.csproj", "{508C20E6-E3D0-43AA-823B-9510027040E7}"
EndProject
Project("{FAE04EC0-301F-11D3-BF4B-00C04F79EFBC}") = "ReverseLinkedListTests", "ReverseLinkedListTests\ReverseLinkedListTests.csproj", "{CE3E28E1-70A6-4FA3-824C-884BB8C715B2}"
EndProject
Global
	GlobalSection(SolutionConfigurationPlatforms) = preSolution
		Debug|Any CPU = Debug|Any CPU
		Release|Any CPU = Release|Any CPU
	EndGlobalSection
	GlobalSection(ProjectConfigurationPlatforms) = postSolution
		{508C20E6-E3D0-43AA-823B-9510027040E7}.Debug|Any CPU.ActiveCfg = Debug|Any CPU
		{508C20E6-E3D0-43AA-823B-9510027040E7}.Debug|Any CPU.Build.0 = Debug|Any CPU
		{508C20E6-E3D0-43AA-823B-9510027040E7}.Release|Any CPU.ActiveCfg = Release|Any CPU
		{508C20E6-E3D0-43AA-823B-9510027040E7}.Release|Any CPU.Build.0 = Release|Any CPU
		{CE3E28E1-70A6-4FA3-824C-884BB8C715B2}.Debug|Any CPU.ActiveCfg = Debug|Any CPU
		{CE3E28E1-70A6-4FA3-824C-884BB8C715B2}.Debug|Any CPU.Build.0 = Debug|Any CPU
		{CE3E28E1-70A6-4FA3-824C-884BB8C715B2}.Release|Any CPU.ActiveCfg = Release|Any CPU
		{CE3E28E1-70A6-4FA3-824C-884BB8C715B2}.Release|Any CPU.Build.0 = Release|Any CPU
	EndGlobalSection
	GlobalSection(SolutionProperties) = preSolution
		HideSolutionNode = FALSE
	EndGlobalSection
	GlobalSection(ExtensibilityGlobals) = postSolution
		SolutionGuid = {515A4EB8-AADD-45B5-B5EE-3B1741D732B7}
	EndGlobalSection
EndGlobal
