
Microsoft Visual Studio Solution File, Format Version 12.00
# Visual Studio 15
VisualStudioVersion = 15.0.28010.2026
MinimumVisualStudioVersion = 10.0.40219.1
Project("{FAE04EC0-301F-11D3-BF4B-00C04F79EFBC}") = "RamanujamNumbers", "RamanujamNumbers\RamanujamNumbers.csproj", "{77FAE3AB-AE07-4A5B-901C-6E61581297C7}"
EndProject
Project("{FAE04EC0-301F-11D3-BF4B-00C04F79EFBC}") = "RamanujamNumberTests", "RamanujamNumberTests\RamanujamNumberTests.csproj", "{098C8E38-EBB8-480B-97CB-6104C6F11AB8}"
EndProject
Global
	GlobalSection(SolutionConfigurationPlatforms) = preSolution
		Debug|Any CPU = Debug|Any CPU
		Release|Any CPU = Release|Any CPU
	EndGlobalSection
	GlobalSection(ProjectConfigurationPlatforms) = postSolution
		{77FAE3AB-AE07-4A5B-901C-6E61581297C7}.Debug|Any CPU.ActiveCfg = Debug|Any CPU
		{77FAE3AB-AE07-4A5B-901C-6E61581297C7}.Debug|Any CPU.Build.0 = Debug|Any CPU
		{77FAE3AB-AE07-4A5B-901C-6E61581297C7}.Release|Any CPU.ActiveCfg = Release|Any CPU
		{77FAE3AB-AE07-4A5B-901C-6E61581297C7}.Release|Any CPU.Build.0 = Release|Any CPU
		{098C8E38-EBB8-480B-97CB-6104C6F11AB8}.Debug|Any CPU.ActiveCfg = Debug|Any CPU
		{098C8E38-EBB8-480B-97CB-6104C6F11AB8}.Debug|Any CPU.Build.0 = Debug|Any CPU
		{098C8E38-EBB8-480B-97CB-6104C6F11AB8}.Release|Any CPU.ActiveCfg = Release|Any CPU
		{098C8E38-EBB8-480B-97CB-6104C6F11AB8}.Release|Any CPU.Build.0 = Release|Any CPU
	EndGlobalSection
	GlobalSection(SolutionProperties) = preSolution
		HideSolutionNode = FALSE
	EndGlobalSection
	GlobalSection(ExtensibilityGlobals) = postSolution
		SolutionGuid = {90A72D5E-9172-475B-ADFD-A7BA8EB1DA7B}
	EndGlobalSection
EndGlobal
