
Microsoft Visual Studio Solution File, Format Version 12.00
# Visual Studio 15
VisualStudioVersion = 15.0.28010.2026
MinimumVisualStudioVersion = 10.0.40219.1
Project("{FAE04EC0-301F-11D3-BF4B-00C04F79EFBC}") = "ReverseWords", "ReverseWords\ReverseWords.csproj", "{5F28EC23-5F8F-4F8E-B14E-A41006F20EA1}"
EndProject
Project("{FAE04EC0-301F-11D3-BF4B-00C04F79EFBC}") = "ReverseWordsTests", "ReverseWordsTests\ReverseWordsTests.csproj", "{5BD533DC-ED94-44EB-B1E7-A66C2EE82FD3}"
EndProject
Global
	GlobalSection(SolutionConfigurationPlatforms) = preSolution
		Debug|Any CPU = Debug|Any CPU
		Release|Any CPU = Release|Any CPU
	EndGlobalSection
	GlobalSection(ProjectConfigurationPlatforms) = postSolution
		{5F28EC23-5F8F-4F8E-B14E-A41006F20EA1}.Debug|Any CPU.ActiveCfg = Debug|Any CPU
		{5F28EC23-5F8F-4F8E-B14E-A41006F20EA1}.Debug|Any CPU.Build.0 = Debug|Any CPU
		{5F28EC23-5F8F-4F8E-B14E-A41006F20EA1}.Release|Any CPU.ActiveCfg = Release|Any CPU
		{5F28EC23-5F8F-4F8E-B14E-A41006F20EA1}.Release|Any CPU.Build.0 = Release|Any CPU
		{5BD533DC-ED94-44EB-B1E7-A66C2EE82FD3}.Debug|Any CPU.ActiveCfg = Debug|Any CPU
		{5BD533DC-ED94-44EB-B1E7-A66C2EE82FD3}.Debug|Any CPU.Build.0 = Debug|Any CPU
		{5BD533DC-ED94-44EB-B1E7-A66C2EE82FD3}.Release|Any CPU.ActiveCfg = Release|Any CPU
		{5BD533DC-ED94-44EB-B1E7-A66C2EE82FD3}.Release|Any CPU.Build.0 = Release|Any CPU
	EndGlobalSection
	GlobalSection(SolutionProperties) = preSolution
		HideSolutionNode = FALSE
	EndGlobalSection
	GlobalSection(ExtensibilityGlobals) = postSolution
		SolutionGuid = {51B313ED-987D-4D81-B605-29FA12B08ECC}
	EndGlobalSection
EndGlobal
